// !$*UTF8*$!
{
	archiveVersion = 1;
	classes = {
	};
	objectVersion = 56;
	objects = {

/* Begin PBXBuildFile section */
		3E1500942BF7E017004A721C /* SingleDrawRiveView.swift in Sources */ = {isa = PBXBuildFile; fileRef = 3E1500932BF7E017004A721C /* SingleDrawRiveView.swift */; };
		3E3DB3532BF5449D000EAA9E /* ContentView.swift in Sources */ = {isa = PBXBuildFile; fileRef = 3E3DB3522BF5449D000EAA9E /* ContentView.swift */; };
		3E3DB3552BF5449D000EAA9E /* Assets.xcassets in Resources */ = {isa = PBXBuildFile; fileRef = 3E3DB3542BF5449D000EAA9E /* Assets.xcassets */; };
		3E3DB3592BF5449D000EAA9E /* Preview Assets.xcassets in Resources */ = {isa = PBXBuildFile; fileRef = 3E3DB3582BF5449D000EAA9E /* Preview Assets.xcassets */; };
		3E409FE52BF6B481002DD778 /* RiveRendererTestViews.swift in Sources */ = {isa = PBXBuildFile; fileRef = 3E409FE42BF6B481002DD778 /* RiveRendererTestViews.swift */; };
		3E8204502C13F37400D9BEA1 /* AppDelegate.swift in Sources */ = {isa = PBXBuildFile; fileRef = 3E82044F2C13F37400D9BEA1 /* AppDelegate.swift */; };
		3E8204522C13F38200D9BEA1 /* SceneDelegate.swift in Sources */ = {isa = PBXBuildFile; fileRef = 3E8204512C13F38200D9BEA1 /* SceneDelegate.swift */; };
		3EF6A8C32BF6911300CAC54A /* RiveRuntime.framework in Frameworks */ = {isa = PBXBuildFile; fileRef = 3EF6A8C22BF6911300CAC54A /* RiveRuntime.framework */; };
		3EF6A8C42BF6911300CAC54A /* RiveRuntime.framework in Embed Frameworks */ = {isa = PBXBuildFile; fileRef = 3EF6A8C22BF6911300CAC54A /* RiveRuntime.framework */; settings = {ATTRIBUTES = (CodeSignOnCopy, RemoveHeadersOnCopy, ); }; };
/* End PBXBuildFile section */

/* Begin PBXCopyFilesBuildPhase section */
		3EF6A8C52BF6911300CAC54A /* Embed Frameworks */ = {
			isa = PBXCopyFilesBuildPhase;
			buildActionMask = 2147483647;
			dstPath = "";
			dstSubfolderSpec = 10;
			files = (
				3EF6A8C42BF6911300CAC54A /* RiveRuntime.framework in Embed Frameworks */,
			);
			name = "Embed Frameworks";
			runOnlyForDeploymentPostprocessing = 0;
		};
/* End PBXCopyFilesBuildPhase section */

/* Begin PBXFileReference section */
		3E1500932BF7E017004A721C /* SingleDrawRiveView.swift */ = {isa = PBXFileReference; lastKnownFileType = sourcecode.swift; path = SingleDrawRiveView.swift; sourceTree = "<group>"; };
		3E3DB34D2BF5449D000EAA9E /* golden_test_app.app */ = {isa = PBXFileReference; explicitFileType = wrapper.application; includeInIndex = 0; path = golden_test_app.app; sourceTree = BUILT_PRODUCTS_DIR; };
		3E3DB3522BF5449D000EAA9E /* ContentView.swift */ = {isa = PBXFileReference; lastKnownFileType = sourcecode.swift; path = ContentView.swift; sourceTree = "<group>"; };
		3E3DB3542BF5449D000EAA9E /* Assets.xcassets */ = {isa = PBXFileReference; lastKnownFileType = folder.assetcatalog; path = Assets.xcassets; sourceTree = "<group>"; };
		3E3DB3562BF5449D000EAA9E /* golden_test_app.entitlements */ = {isa = PBXFileReference; lastKnownFileType = text.plist.entitlements; path = golden_test_app.entitlements; sourceTree = "<group>"; };
		3E3DB3582BF5449D000EAA9E /* Preview Assets.xcassets */ = {isa = PBXFileReference; lastKnownFileType = folder.assetcatalog; path = "Preview Assets.xcassets"; sourceTree = "<group>"; };
		3E409FE42BF6B481002DD778 /* RiveRendererTestViews.swift */ = {isa = PBXFileReference; lastKnownFileType = sourcecode.swift; path = RiveRendererTestViews.swift; sourceTree = "<group>"; };
		3E7419B02C01ADA9000EA71B /* golden-test-app-Info.plist */ = {isa = PBXFileReference; lastKnownFileType = text.plist; path = "golden-test-app-Info.plist"; sourceTree = SOURCE_ROOT; };
		3E82044F2C13F37400D9BEA1 /* AppDelegate.swift */ = {isa = PBXFileReference; lastKnownFileType = sourcecode.swift; path = AppDelegate.swift; sourceTree = "<group>"; };
		3E8204512C13F38200D9BEA1 /* SceneDelegate.swift */ = {isa = PBXFileReference; lastKnownFileType = sourcecode.swift; path = SceneDelegate.swift; sourceTree = "<group>"; };
		3EF6A8C22BF6911300CAC54A /* RiveRuntime.framework */ = {isa = PBXFileReference; explicitFileType = wrapper.framework; path = RiveRuntime.framework; sourceTree = BUILT_PRODUCTS_DIR; };
/* End PBXFileReference section */

/* Begin PBXFrameworksBuildPhase section */
		3E3DB34A2BF5449D000EAA9E /* Frameworks */ = {
			isa = PBXFrameworksBuildPhase;
			buildActionMask = 2147483647;
			files = (
				3EF6A8C32BF6911300CAC54A /* RiveRuntime.framework in Frameworks */,
			);
			runOnlyForDeploymentPostprocessing = 0;
		};
/* End PBXFrameworksBuildPhase section */

/* Begin PBXGroup section */
		3E3DB3442BF5449D000EAA9E = {
			isa = PBXGroup;
			children = (
				3E3DB34F2BF5449D000EAA9E /* golden_test_app */,
				3E3DB34E2BF5449D000EAA9E /* Products */,
				3EF6A8C12BF6911300CAC54A /* Frameworks */,
			);
			sourceTree = "<group>";
		};
		3E3DB34E2BF5449D000EAA9E /* Products */ = {
			isa = PBXGroup;
			children = (
				3E3DB34D2BF5449D000EAA9E /* golden_test_app.app */,
			);
			name = Products;
			sourceTree = "<group>";
		};
		3E3DB34F2BF5449D000EAA9E /* golden_test_app */ = {
			isa = PBXGroup;
			children = (
				3E82044B2C13969D00D9BEA1 /* raws */,
				3E7419B02C01ADA9000EA71B /* golden-test-app-Info.plist */,
				3E409FE42BF6B481002DD778 /* RiveRendererTestViews.swift */,
				3E3DB3522BF5449D000EAA9E /* ContentView.swift */,
				3E3DB3542BF5449D000EAA9E /* Assets.xcassets */,
				3E3DB3562BF5449D000EAA9E /* golden_test_app.entitlements */,
				3E3DB3572BF5449D000EAA9E /* Preview Content */,
				3E1500932BF7E017004A721C /* SingleDrawRiveView.swift */,
				3E82044F2C13F37400D9BEA1 /* AppDelegate.swift */,
				3E8204512C13F38200D9BEA1 /* SceneDelegate.swift */,
			);
			path = golden_test_app;
			sourceTree = "<group>";
		};
		3E3DB3572BF5449D000EAA9E /* Preview Content */ = {
			isa = PBXGroup;
			children = (
				3E3DB3582BF5449D000EAA9E /* Preview Assets.xcassets */,
			);
			path = "Preview Content";
			sourceTree = "<group>";
		};
		3E82044B2C13969D00D9BEA1 /* raws */ = {
			isa = PBXGroup;
			children = (
			);
			path = raws;
			sourceTree = "<group>";
		};
		3EF6A8C12BF6911300CAC54A /* Frameworks */ = {
			isa = PBXGroup;
			children = (
				3EF6A8C22BF6911300CAC54A /* RiveRuntime.framework */,
			);
			name = Frameworks;
			sourceTree = "<group>";
		};
/* End PBXGroup section */

/* Begin PBXNativeTarget section */
		3E3DB34C2BF5449D000EAA9E /* golden_test_app */ = {
			isa = PBXNativeTarget;
			buildConfigurationList = 3E3DB35C2BF5449D000EAA9E /* Build configuration list for PBXNativeTarget "golden_test_app" */;
			buildPhases = (
				3E3DB3492BF5449D000EAA9E /* Sources */,
				3E3DB34A2BF5449D000EAA9E /* Frameworks */,
				3E3DB34B2BF5449D000EAA9E /* Resources */,
				3EF6A8C52BF6911300CAC54A /* Embed Frameworks */,
			);
			buildRules = (
			);
			dependencies = (
			);
			name = golden_test_app;
			productName = golden_test_app;
			productReference = 3E3DB34D2BF5449D000EAA9E /* golden_test_app.app */;
			productType = "com.apple.product-type.application";
		};
/* End PBXNativeTarget section */

/* Begin PBXProject section */
		3E3DB3452BF5449D000EAA9E /* Project object */ = {
			isa = PBXProject;
			attributes = {
				BuildIndependentTargetsInParallel = 1;
				LastSwiftUpdateCheck = 1540;
				LastUpgradeCheck = 1540;
				TargetAttributes = {
					3E3DB34C2BF5449D000EAA9E = {
						CreatedOnToolsVersion = 15.4;
					};
				};
			};
			buildConfigurationList = 3E3DB3482BF5449D000EAA9E /* Build configuration list for PBXProject "golden_test_app" */;
			compatibilityVersion = "Xcode 14.0";
			developmentRegion = en;
			hasScannedForEncodings = 0;
			knownRegions = (
				en,
				Base,
			);
			mainGroup = 3E3DB3442BF5449D000EAA9E;
			productRefGroup = 3E3DB34E2BF5449D000EAA9E /* Products */;
			projectDirPath = "";
			projectRoot = "";
			targets = (
				3E3DB34C2BF5449D000EAA9E /* golden_test_app */,
			);
		};
/* End PBXProject section */

/* Begin PBXResourcesBuildPhase section */
		3E3DB34B2BF5449D000EAA9E /* Resources */ = {
			isa = PBXResourcesBuildPhase;
			buildActionMask = 2147483647;
			files = (
				3E3DB3592BF5449D000EAA9E /* Preview Assets.xcassets in Resources */,
				3E3DB3552BF5449D000EAA9E /* Assets.xcassets in Resources */,
			);
			runOnlyForDeploymentPostprocessing = 0;
		};
/* End PBXResourcesBuildPhase section */

/* Begin PBXSourcesBuildPhase section */
		3E3DB3492BF5449D000EAA9E /* Sources */ = {
			isa = PBXSourcesBuildPhase;
			buildActionMask = 2147483647;
			files = (
				3E1500942BF7E017004A721C /* SingleDrawRiveView.swift in Sources */,
				3E409FE52BF6B481002DD778 /* RiveRendererTestViews.swift in Sources */,
				3E3DB3532BF5449D000EAA9E /* ContentView.swift in Sources */,
				3E8204502C13F37400D9BEA1 /* AppDelegate.swift in Sources */,
				3E8204522C13F38200D9BEA1 /* SceneDelegate.swift in Sources */,
			);
			runOnlyForDeploymentPostprocessing = 0;
		};
/* End PBXSourcesBuildPhase section */

/* Begin XCBuildConfiguration section */
		3E3DB35A2BF5449D000EAA9E /* Debug */ = {
			isa = XCBuildConfiguration;
			buildSettings = {
				ALWAYS_SEARCH_USER_PATHS = NO;
				ASSETCATALOG_COMPILER_GENERATE_SWIFT_ASSET_SYMBOL_EXTENSIONS = YES;
				CLANG_ANALYZER_NONNULL = YES;
				CLANG_ANALYZER_NUMBER_OBJECT_CONVERSION = YES_AGGRESSIVE;
				CLANG_CXX_LANGUAGE_STANDARD = "gnu++20";
				CLANG_ENABLE_MODULES = YES;
				CLANG_ENABLE_OBJC_ARC = YES;
				CLANG_ENABLE_OBJC_WEAK = YES;
				CLANG_WARN_BLOCK_CAPTURE_AUTORELEASING = YES;
				CLANG_WARN_BOOL_CONVERSION = YES;
				CLANG_WARN_COMMA = YES;
				CLANG_WARN_CONSTANT_CONVERSION = YES;
				CLANG_WARN_DEPRECATED_OBJC_IMPLEMENTATIONS = YES;
				CLANG_WARN_DIRECT_OBJC_ISA_USAGE = YES_ERROR;
				CLANG_WARN_DOCUMENTATION_COMMENTS = YES;
				CLANG_WARN_EMPTY_BODY = YES;
				CLANG_WARN_ENUM_CONVERSION = YES;
				CLANG_WARN_INFINITE_RECURSION = YES;
				CLANG_WARN_INT_CONVERSION = YES;
				CLANG_WARN_NON_LITERAL_NULL_CONVERSION = YES;
				CLANG_WARN_OBJC_IMPLICIT_RETAIN_SELF = YES;
				CLANG_WARN_OBJC_LITERAL_CONVERSION = YES;
				CLANG_WARN_OBJC_ROOT_CLASS = YES_ERROR;
				CLANG_WARN_QUOTED_INCLUDE_IN_FRAMEWORK_HEADER = YES;
				CLANG_WARN_RANGE_LOOP_ANALYSIS = YES;
				CLANG_WARN_STRICT_PROTOTYPES = YES;
				CLANG_WARN_SUSPICIOUS_MOVE = YES;
				CLANG_WARN_UNGUARDED_AVAILABILITY = YES_AGGRESSIVE;
				CLANG_WARN_UNREACHABLE_CODE = YES;
				CLANG_WARN__DUPLICATE_METHOD_MATCH = YES;
				COPY_PHASE_STRIP = NO;
				DEBUG_INFORMATION_FORMAT = dwarf;
				ENABLE_STRICT_OBJC_MSGSEND = YES;
				ENABLE_TESTABILITY = YES;
				ENABLE_USER_SCRIPT_SANDBOXING = YES;
				GCC_C_LANGUAGE_STANDARD = gnu17;
				GCC_DYNAMIC_NO_PIC = NO;
				GCC_NO_COMMON_BLOCKS = YES;
				GCC_OPTIMIZATION_LEVEL = 0;
				GCC_PREPROCESSOR_DEFINITIONS = (
					"DEBUG=1",
					"$(inherited)",
				);
				GCC_WARN_64_TO_32_BIT_CONVERSION = YES;
				GCC_WARN_ABOUT_RETURN_TYPE = YES_ERROR;
				GCC_WARN_UNDECLARED_SELECTOR = YES;
				GCC_WARN_UNINITIALIZED_AUTOS = YES_AGGRESSIVE;
				GCC_WARN_UNUSED_FUNCTION = YES;
				GCC_WARN_UNUSED_VARIABLE = YES;
				LOCALIZATION_PREFERS_STRING_CATALOGS = YES;
				MTL_ENABLE_DEBUG_INFO = INCLUDE_SOURCE;
				MTL_FAST_MATH = YES;
				ONLY_ACTIVE_ARCH = YES;
				SWIFT_ACTIVE_COMPILATION_CONDITIONS = "DEBUG $(inherited)";
				SWIFT_OPTIMIZATION_LEVEL = "-Onone";
			};
			name = Debug;
		};
		3E3DB35B2BF5449D000EAA9E /* Release */ = {
			isa = XCBuildConfiguration;
			buildSettings = {
				ALWAYS_SEARCH_USER_PATHS = NO;
				ASSETCATALOG_COMPILER_GENERATE_SWIFT_ASSET_SYMBOL_EXTENSIONS = YES;
				CLANG_ANALYZER_NONNULL = YES;
				CLANG_ANALYZER_NUMBER_OBJECT_CONVERSION = YES_AGGRESSIVE;
				CLANG_CXX_LANGUAGE_STANDARD = "gnu++20";
				CLANG_ENABLE_MODULES = YES;
				CLANG_ENABLE_OBJC_ARC = YES;
				CLANG_ENABLE_OBJC_WEAK = YES;
				CLANG_WARN_BLOCK_CAPTURE_AUTORELEASING = YES;
				CLANG_WARN_BOOL_CONVERSION = YES;
				CLANG_WARN_COMMA = YES;
				CLANG_WARN_CONSTANT_CONVERSION = YES;
				CLANG_WARN_DEPRECATED_OBJC_IMPLEMENTATIONS = YES;
				CLANG_WARN_DIRECT_OBJC_ISA_USAGE = YES_ERROR;
				CLANG_WARN_DOCUMENTATION_COMMENTS = YES;
				CLANG_WARN_EMPTY_BODY = YES;
				CLANG_WARN_ENUM_CONVERSION = YES;
				CLANG_WARN_INFINITE_RECURSION = YES;
				CLANG_WARN_INT_CONVERSION = YES;
				CLANG_WARN_NON_LITERAL_NULL_CONVERSION = YES;
				CLANG_WARN_OBJC_IMPLICIT_RETAIN_SELF = YES;
				CLANG_WARN_OBJC_LITERAL_CONVERSION = YES;
				CLANG_WARN_OBJC_ROOT_CLASS = YES_ERROR;
				CLANG_WARN_QUOTED_INCLUDE_IN_FRAMEWORK_HEADER = YES;
				CLANG_WARN_RANGE_LOOP_ANALYSIS = YES;
				CLANG_WARN_STRICT_PROTOTYPES = YES;
				CLANG_WARN_SUSPICIOUS_MOVE = YES;
				CLANG_WARN_UNGUARDED_AVAILABILITY = YES_AGGRESSIVE;
				CLANG_WARN_UNREACHABLE_CODE = YES;
				CLANG_WARN__DUPLICATE_METHOD_MATCH = YES;
				COPY_PHASE_STRIP = NO;
				DEBUG_INFORMATION_FORMAT = "dwarf-with-dsym";
				ENABLE_NS_ASSERTIONS = NO;
				ENABLE_STRICT_OBJC_MSGSEND = YES;
				ENABLE_USER_SCRIPT_SANDBOXING = YES;
				GCC_C_LANGUAGE_STANDARD = gnu17;
				GCC_NO_COMMON_BLOCKS = YES;
				GCC_WARN_64_TO_32_BIT_CONVERSION = YES;
				GCC_WARN_ABOUT_RETURN_TYPE = YES_ERROR;
				GCC_WARN_UNDECLARED_SELECTOR = YES;
				GCC_WARN_UNINITIALIZED_AUTOS = YES_AGGRESSIVE;
				GCC_WARN_UNUSED_FUNCTION = YES;
				GCC_WARN_UNUSED_VARIABLE = YES;
				LOCALIZATION_PREFERS_STRING_CATALOGS = YES;
				MTL_ENABLE_DEBUG_INFO = NO;
				MTL_FAST_MATH = YES;
				SWIFT_COMPILATION_MODE = wholemodule;
			};
			name = Release;
		};
		3E3DB35D2BF5449D000EAA9E /* Debug */ = {
			isa = XCBuildConfiguration;
			buildSettings = {
				ASSETCATALOG_COMPILER_APPICON_NAME = AppIcon;
				ASSETCATALOG_COMPILER_GLOBAL_ACCENT_COLOR_NAME = AccentColor;
				CODE_SIGN_ENTITLEMENTS = golden_test_app/golden_test_app.entitlements;
				CODE_SIGN_STYLE = Automatic;
				CURRENT_PROJECT_VERSION = 1;
				DEVELOPMENT_ASSET_PATHS = "\"golden_test_app/Preview Content\"";
				DEVELOPMENT_TEAM = NJ3JMFUNS9;
				ENABLE_HARDENED_RUNTIME = NO;
				ENABLE_PREVIEWS = YES;
				GENERATE_INFOPLIST_FILE = YES;
				INFOPLIST_FILE = "golden-test-app-Info.plist";
				INFOPLIST_KEY_NSPhotoLibraryAddUsageDescription = "Write access for testing images";
				"INFOPLIST_KEY_UIApplicationSceneManifest_Generation[sdk=iphoneos*]" = YES;
				"INFOPLIST_KEY_UIApplicationSceneManifest_Generation[sdk=iphonesimulator*]" = YES;
				"INFOPLIST_KEY_UIApplicationSupportsIndirectInputEvents[sdk=iphoneos*]" = YES;
				"INFOPLIST_KEY_UIApplicationSupportsIndirectInputEvents[sdk=iphonesimulator*]" = YES;
				"INFOPLIST_KEY_UILaunchScreen_Generation[sdk=iphoneos*]" = YES;
				"INFOPLIST_KEY_UILaunchScreen_Generation[sdk=iphonesimulator*]" = YES;
				"INFOPLIST_KEY_UIStatusBarStyle[sdk=iphoneos*]" = UIStatusBarStyleDefault;
				"INFOPLIST_KEY_UIStatusBarStyle[sdk=iphonesimulator*]" = UIStatusBarStyleDefault;
				INFOPLIST_KEY_UISupportedInterfaceOrientations_iPad = "UIInterfaceOrientationPortrait UIInterfaceOrientationPortraitUpsideDown UIInterfaceOrientationLandscapeLeft UIInterfaceOrientationLandscapeRight";
				INFOPLIST_KEY_UISupportedInterfaceOrientations_iPhone = "UIInterfaceOrientationPortrait UIInterfaceOrientationLandscapeLeft UIInterfaceOrientationLandscapeRight";
				IPHONEOS_DEPLOYMENT_TARGET = 14;
				LD_RUNPATH_SEARCH_PATHS = "@executable_path/Frameworks";
				"LD_RUNPATH_SEARCH_PATHS[sdk=macosx*]" = "@executable_path/../Frameworks";
				MACOSX_DEPLOYMENT_TARGET = 14.3;
				MARKETING_VERSION = 1.0;
				PRODUCT_BUNDLE_IDENTIFIER = "rive.app.golden-test-app";
				PRODUCT_NAME = "$(TARGET_NAME)";
				SDKROOT = auto;
				SUPPORTED_PLATFORMS = "iphoneos iphonesimulator";
				SUPPORTS_MACCATALYST = NO;
				SWIFT_EMIT_LOC_STRINGS = YES;
				SWIFT_VERSION = 5.0;
				TARGETED_DEVICE_FAMILY = "1,2";
			};
			name = Debug;
		};
		3E3DB35E2BF5449D000EAA9E /* Release */ = {
			isa = XCBuildConfiguration;
			buildSettings = {
				ASSETCATALOG_COMPILER_APPICON_NAME = AppIcon;
				ASSETCATALOG_COMPILER_GLOBAL_ACCENT_COLOR_NAME = AccentColor;
				CODE_SIGN_ENTITLEMENTS = golden_test_app/golden_test_app.entitlements;
				CODE_SIGN_STYLE = Automatic;
				CURRENT_PROJECT_VERSION = 1;
				DEVELOPMENT_ASSET_PATHS = "\"golden_test_app/Preview Content\"";
				DEVELOPMENT_TEAM = NJ3JMFUNS9;
				ENABLE_HARDENED_RUNTIME = NO;
				ENABLE_PREVIEWS = YES;
				GENERATE_INFOPLIST_FILE = YES;
				INFOPLIST_FILE = "golden-test-app-Info.plist";
				INFOPLIST_KEY_NSPhotoLibraryAddUsageDescription = "Write access for testing images";
				"INFOPLIST_KEY_UIApplicationSceneManifest_Generation[sdk=iphoneos*]" = YES;
				"INFOPLIST_KEY_UIApplicationSceneManifest_Generation[sdk=iphonesimulator*]" = YES;
				"INFOPLIST_KEY_UIApplicationSupportsIndirectInputEvents[sdk=iphoneos*]" = YES;
				"INFOPLIST_KEY_UIApplicationSupportsIndirectInputEvents[sdk=iphonesimulator*]" = YES;
				"INFOPLIST_KEY_UILaunchScreen_Generation[sdk=iphoneos*]" = YES;
				"INFOPLIST_KEY_UILaunchScreen_Generation[sdk=iphonesimulator*]" = YES;
				"INFOPLIST_KEY_UIStatusBarStyle[sdk=iphoneos*]" = UIStatusBarStyleDefault;
				"INFOPLIST_KEY_UIStatusBarStyle[sdk=iphonesimulator*]" = UIStatusBarStyleDefault;
				INFOPLIST_KEY_UISupportedInterfaceOrientations_iPad = "UIInterfaceOrientationPortrait UIInterfaceOrientationPortraitUpsideDown UIInterfaceOrientationLandscapeLeft UIInterfaceOrientationLandscapeRight";
				INFOPLIST_KEY_UISupportedInterfaceOrientations_iPhone = "UIInterfaceOrientationPortrait UIInterfaceOrientationLandscapeLeft UIInterfaceOrientationLandscapeRight";
				IPHONEOS_DEPLOYMENT_TARGET = 14;
				LD_RUNPATH_SEARCH_PATHS = "@executable_path/Frameworks";
				"LD_RUNPATH_SEARCH_PATHS[sdk=macosx*]" = "@executable_path/../Frameworks";
				MACOSX_DEPLOYMENT_TARGET = 14.3;
				MARKETING_VERSION = 1.0;
				PRODUCT_BUNDLE_IDENTIFIER = "rive.app.golden-test-app";
				PRODUCT_NAME = "$(TARGET_NAME)";
				SDKROOT = auto;
				SUPPORTED_PLATFORMS = "iphoneos iphonesimulator";
				SUPPORTS_MACCATALYST = NO;
				SWIFT_EMIT_LOC_STRINGS = YES;
				SWIFT_VERSION = 5.0;
				TARGETED_DEVICE_FAMILY = "1,2";
			};
			name = Release;
		};
/* End XCBuildConfiguration section */

/* Begin XCConfigurationList section */
		3E3DB3482BF5449D000EAA9E /* Build configuration list for PBXProject "golden_test_app" */ = {
			isa = XCConfigurationList;
			buildConfigurations = (
				3E3DB35A2BF5449D000EAA9E /* Debug */,
				3E3DB35B2BF5449D000EAA9E /* Release */,
			);
			defaultConfigurationIsVisible = 0;
			defaultConfigurationName = Release;
		};
		3E3DB35C2BF5449D000EAA9E /* Build configuration list for PBXNativeTarget "golden_test_app" */ = {
			isa = XCConfigurationList;
			buildConfigurations = (
				3E3DB35D2BF5449D000EAA9E /* Debug */,
				3E3DB35E2BF5449D000EAA9E /* Release */,
			);
			defaultConfigurationIsVisible = 0;
			defaultConfigurationName = Release;
		};
/* End XCConfigurationList section */
	};
	rootObject = 3E3DB3452BF5449D000EAA9E /* Project object */;
}
