// !$*UTF8*$!
{
	archiveVersion = 1;
	classes = {
	};
	objectVersion = 50;
	objects = {

/* Begin PBXBuildFile section */
		042C88832643D6B900E7DBB2 /* Main.storyboard in Resources */ = {isa = PBXBuildFile; fileRef = 042C88822643D6B900E7DBB2 /* Main.storyboard */; };
		042C88882643DB7100E7DBB2 /* SimpleAnimation.swift in Sources */ = {isa = PBXBuildFile; fileRef = 042C88872643DB7100E7DBB2 /* SimpleAnimation.swift */; };
		042C888C2643EEE300E7DBB2 /* Layout.swift in Sources */ = {isa = PBXBuildFile; fileRef = 042C888B2643EEE300E7DBB2 /* Layout.swift */; };
		042C888E2644230700E7DBB2 /* utility.swift in Sources */ = {isa = PBXBuildFile; fileRef = 042C888D2644230700E7DBB2 /* utility.swift */; };
		042C88902644250D00E7DBB2 /* MultipleAnimations.swift in Sources */ = {isa = PBXBuildFile; fileRef = 042C888F2644250D00E7DBB2 /* MultipleAnimations.swift */; };
		042C88DB2644447500E7DBB2 /* wacky.riv in Resources */ = {isa = PBXBuildFile; fileRef = 042C88C92644447400E7DBB2 /* wacky.riv */; };
		042C88DC2644447500E7DBB2 /* pull.riv in Resources */ = {isa = PBXBuildFile; fileRef = 042C88CA2644447400E7DBB2 /* pull.riv */; };
		042C88DD2644447500E7DBB2 /* ui_swipe_left_to_delete.riv in Resources */ = {isa = PBXBuildFile; fileRef = 042C88CB2644447400E7DBB2 /* ui_swipe_left_to_delete.riv */; };
		042C88DE2644447500E7DBB2 /* rope.riv in Resources */ = {isa = PBXBuildFile; fileRef = 042C88CC2644447400E7DBB2 /* rope.riv */; };
		042C88DF2644447500E7DBB2 /* mascot.riv in Resources */ = {isa = PBXBuildFile; fileRef = 042C88CD2644447400E7DBB2 /* mascot.riv */; };
		042C88E02644447500E7DBB2 /* progress.riv in Resources */ = {isa = PBXBuildFile; fileRef = 042C88CE2644447500E7DBB2 /* progress.riv */; };
		042C88E12644447500E7DBB2 /* basketball.riv in Resources */ = {isa = PBXBuildFile; fileRef = 042C88CF2644447500E7DBB2 /* basketball.riv */; };
		042C88E22644447500E7DBB2 /* f22.riv in Resources */ = {isa = PBXBuildFile; fileRef = 042C88D02644447500E7DBB2 /* f22.riv */; };
		042C88E32644447500E7DBB2 /* flux_capacitor.riv in Resources */ = {isa = PBXBuildFile; fileRef = 042C88D12644447500E7DBB2 /* flux_capacitor.riv */; };
		042C88E42644447500E7DBB2 /* neostream.riv in Resources */ = {isa = PBXBuildFile; fileRef = 042C88D22644447500E7DBB2 /* neostream.riv */; };
		042C88E52644447500E7DBB2 /* explorer.riv in Resources */ = {isa = PBXBuildFile; fileRef = 042C88D32644447500E7DBB2 /* explorer.riv */; };
		042C88E62644447500E7DBB2 /* artboard_animations.riv in Resources */ = {isa = PBXBuildFile; fileRef = 042C88D42644447500E7DBB2 /* artboard_animations.riv */; };
		042C88E72644447500E7DBB2 /* trailblaze.riv in Resources */ = {isa = PBXBuildFile; fileRef = 042C88D52644447500E7DBB2 /* trailblaze.riv */; };
		042C88E82644447500E7DBB2 /* loopy.riv in Resources */ = {isa = PBXBuildFile; fileRef = 042C88D62644447500E7DBB2 /* loopy.riv */; };
		042C88E92644447500E7DBB2 /* off_road_car_blog.riv in Resources */ = {isa = PBXBuildFile; fileRef = 042C88D72644447500E7DBB2 /* off_road_car_blog.riv */; };
		042C88EA2644447500E7DBB2 /* skills.riv in Resources */ = {isa = PBXBuildFile; fileRef = 042C88D82644447500E7DBB2 /* skills.riv */; };
		042C88EB2644447500E7DBB2 /* clipping.riv in Resources */ = {isa = PBXBuildFile; fileRef = 042C88D92644447500E7DBB2 /* clipping.riv */; };
		042C88EC2644447500E7DBB2 /* vader.riv in Resources */ = {isa = PBXBuildFile; fileRef = 042C88DA2644447500E7DBB2 /* vader.riv */; };
		04A8F6C126452E31002C909A /* RiveRuntime.framework in Frameworks */ = {isa = PBXBuildFile; fileRef = 04A8F6BD26452E10002C909A /* RiveRuntime.framework */; };
		04A8F6C526454711002C909A /* LoopMode.swift in Sources */ = {isa = PBXBuildFile; fileRef = 04A8F6C426454711002C909A /* LoopMode.swift */; };
		C9A84F38264495600014D8E0 /* RiveSwiftUIView.swift in Sources */ = {isa = PBXBuildFile; fileRef = C9A84F37264495600014D8E0 /* RiveSwiftUIView.swift */; };
		C9A84F5E2644A75A0014D8E0 /* ExamplesViewController.swift in Sources */ = {isa = PBXBuildFile; fileRef = C9A84F5D2644A75A0014D8E0 /* ExamplesViewController.swift */; };
		C9A84F602644AB6B0014D8E0 /* RiveViewWrapper.swift in Sources */ = {isa = PBXBuildFile; fileRef = C9A84F5F2644AB6B0014D8E0 /* RiveViewWrapper.swift */; };
		C9BD3926263B5FC700696C37 /* truck_v7.riv in Resources */ = {isa = PBXBuildFile; fileRef = C9BD3925263B5FC700696C37 /* truck_v7.riv */; };
		C9C73E9824FC471E00EF9516 /* AppDelegate.swift in Sources */ = {isa = PBXBuildFile; fileRef = C9C73E9724FC471E00EF9516 /* AppDelegate.swift */; };
		C9C73E9A24FC471E00EF9516 /* SceneDelegate.swift in Sources */ = {isa = PBXBuildFile; fileRef = C9C73E9924FC471E00EF9516 /* SceneDelegate.swift */; };
		C9C73E9E24FC471E00EF9516 /* Assets.xcassets in Resources */ = {isa = PBXBuildFile; fileRef = C9C73E9D24FC471E00EF9516 /* Assets.xcassets */; };
		C9C73EA124FC471E00EF9516 /* Preview Assets.xcassets in Resources */ = {isa = PBXBuildFile; fileRef = C9C73EA024FC471E00EF9516 /* Preview Assets.xcassets */; };
		C9CE8266263B90E000F98DDB /* juice_v7.riv in Resources */ = {isa = PBXBuildFile; fileRef = C9CE8265263B90E000F98DDB /* juice_v7.riv */; };
/* End PBXBuildFile section */

/* Begin PBXContainerItemProxy section */
		04A8F6BC26452E10002C909A /* PBXContainerItemProxy */ = {
			isa = PBXContainerItemProxy;
			containerPortal = 04A8F6AB26452A91002C909A /* RiveRuntime.xcodeproj */;
			proxyType = 2;
			remoteGlobalIDString = C9C73ED124FC478800EF9516;
			remoteInfo = RiveRuntime;
		};
		04A8F6BE26452E10002C909A /* PBXContainerItemProxy */ = {
			isa = PBXContainerItemProxy;
			containerPortal = 04A8F6AB26452A91002C909A /* RiveRuntime.xcodeproj */;
			proxyType = 2;
			remoteGlobalIDString = C9C73EDA24FC478900EF9516;
			remoteInfo = RiveRuntimeTests;
		};
/* End PBXContainerItemProxy section */

/* Begin PBXCopyFilesBuildPhase section */
		C9C7420224FC53CF00EF9516 /* Embed Frameworks */ = {
			isa = PBXCopyFilesBuildPhase;
			buildActionMask = 2147483647;
			dstPath = "";
			dstSubfolderSpec = 10;
			files = (
			);
			name = "Embed Frameworks";
			runOnlyForDeploymentPostprocessing = 0;
		};
/* End PBXCopyFilesBuildPhase section */

/* Begin PBXFileReference section */
		042C88822643D6B900E7DBB2 /* Main.storyboard */ = {isa = PBXFileReference; lastKnownFileType = file.storyboard; path = Main.storyboard; sourceTree = "<group>"; };
		042C88872643DB7100E7DBB2 /* SimpleAnimation.swift */ = {isa = PBXFileReference; lastKnownFileType = sourcecode.swift; path = SimpleAnimation.swift; sourceTree = "<group>"; };
		042C888B2643EEE300E7DBB2 /* Layout.swift */ = {isa = PBXFileReference; lastKnownFileType = sourcecode.swift; path = Layout.swift; sourceTree = "<group>"; };
		042C888D2644230700E7DBB2 /* utility.swift */ = {isa = PBXFileReference; lastKnownFileType = sourcecode.swift; path = utility.swift; sourceTree = "<group>"; };
		042C888F2644250D00E7DBB2 /* MultipleAnimations.swift */ = {isa = PBXFileReference; lastKnownFileType = sourcecode.swift; path = MultipleAnimations.swift; sourceTree = "<group>"; };
		042C88C92644447400E7DBB2 /* wacky.riv */ = {isa = PBXFileReference; lastKnownFileType = file; path = wacky.riv; sourceTree = "<group>"; };
		042C88CA2644447400E7DBB2 /* pull.riv */ = {isa = PBXFileReference; lastKnownFileType = file; path = pull.riv; sourceTree = "<group>"; };
		042C88CB2644447400E7DBB2 /* ui_swipe_left_to_delete.riv */ = {isa = PBXFileReference; lastKnownFileType = file; path = ui_swipe_left_to_delete.riv; sourceTree = "<group>"; };
		042C88CC2644447400E7DBB2 /* rope.riv */ = {isa = PBXFileReference; lastKnownFileType = file; path = rope.riv; sourceTree = "<group>"; };
		042C88CD2644447400E7DBB2 /* mascot.riv */ = {isa = PBXFileReference; lastKnownFileType = file; path = mascot.riv; sourceTree = "<group>"; };
		042C88CE2644447500E7DBB2 /* progress.riv */ = {isa = PBXFileReference; lastKnownFileType = file; path = progress.riv; sourceTree = "<group>"; };
		042C88CF2644447500E7DBB2 /* basketball.riv */ = {isa = PBXFileReference; lastKnownFileType = file; path = basketball.riv; sourceTree = "<group>"; };
		042C88D02644447500E7DBB2 /* f22.riv */ = {isa = PBXFileReference; lastKnownFileType = file; path = f22.riv; sourceTree = "<group>"; };
		042C88D12644447500E7DBB2 /* flux_capacitor.riv */ = {isa = PBXFileReference; lastKnownFileType = file; path = flux_capacitor.riv; sourceTree = "<group>"; };
		042C88D22644447500E7DBB2 /* neostream.riv */ = {isa = PBXFileReference; lastKnownFileType = file; path = neostream.riv; sourceTree = "<group>"; };
		042C88D32644447500E7DBB2 /* explorer.riv */ = {isa = PBXFileReference; lastKnownFileType = file; path = explorer.riv; sourceTree = "<group>"; };
		042C88D42644447500E7DBB2 /* artboard_animations.riv */ = {isa = PBXFileReference; lastKnownFileType = file; path = artboard_animations.riv; sourceTree = "<group>"; };
		042C88D52644447500E7DBB2 /* trailblaze.riv */ = {isa = PBXFileReference; lastKnownFileType = file; path = trailblaze.riv; sourceTree = "<group>"; };
		042C88D62644447500E7DBB2 /* loopy.riv */ = {isa = PBXFileReference; lastKnownFileType = file; path = loopy.riv; sourceTree = "<group>"; };
		042C88D72644447500E7DBB2 /* off_road_car_blog.riv */ = {isa = PBXFileReference; lastKnownFileType = file; path = off_road_car_blog.riv; sourceTree = "<group>"; };
		042C88D82644447500E7DBB2 /* skills.riv */ = {isa = PBXFileReference; lastKnownFileType = file; path = skills.riv; sourceTree = "<group>"; };
		042C88D92644447500E7DBB2 /* clipping.riv */ = {isa = PBXFileReference; lastKnownFileType = file; path = clipping.riv; sourceTree = "<group>"; };
		042C88DA2644447500E7DBB2 /* vader.riv */ = {isa = PBXFileReference; lastKnownFileType = file; path = vader.riv; sourceTree = "<group>"; };
		04A8F6AB26452A91002C909A /* RiveRuntime.xcodeproj */ = {isa = PBXFileReference; lastKnownFileType = "wrapper.pb-project"; name = RiveRuntime.xcodeproj; path = ../RiveRuntime.xcodeproj; sourceTree = "<group>"; };
		04A8F6C426454711002C909A /* LoopMode.swift */ = {isa = PBXFileReference; lastKnownFileType = sourcecode.swift; path = LoopMode.swift; sourceTree = "<group>"; };
		C9A84F37264495600014D8E0 /* RiveSwiftUIView.swift */ = {isa = PBXFileReference; lastKnownFileType = sourcecode.swift; path = RiveSwiftUIView.swift; sourceTree = "<group>"; };
		C9A84F5D2644A75A0014D8E0 /* ExamplesViewController.swift */ = {isa = PBXFileReference; lastKnownFileType = sourcecode.swift; path = ExamplesViewController.swift; sourceTree = "<group>"; };
		C9A84F5F2644AB6B0014D8E0 /* RiveViewWrapper.swift */ = {isa = PBXFileReference; lastKnownFileType = sourcecode.swift; path = RiveViewWrapper.swift; sourceTree = "<group>"; };
		C9BD3925263B5FC700696C37 /* truck_v7.riv */ = {isa = PBXFileReference; lastKnownFileType = file; path = truck_v7.riv; sourceTree = "<group>"; };
		C9C73E9424FC471E00EF9516 /* RiveExample.app */ = {isa = PBXFileReference; explicitFileType = wrapper.application; includeInIndex = 0; path = RiveExample.app; sourceTree = BUILT_PRODUCTS_DIR; };
		C9C73E9724FC471E00EF9516 /* AppDelegate.swift */ = {isa = PBXFileReference; lastKnownFileType = sourcecode.swift; path = AppDelegate.swift; sourceTree = "<group>"; };
		C9C73E9924FC471E00EF9516 /* SceneDelegate.swift */ = {isa = PBXFileReference; lastKnownFileType = sourcecode.swift; path = SceneDelegate.swift; sourceTree = "<group>"; };
		C9C73E9D24FC471E00EF9516 /* Assets.xcassets */ = {isa = PBXFileReference; lastKnownFileType = folder.assetcatalog; path = Assets.xcassets; sourceTree = "<group>"; };
		C9C73EA024FC471E00EF9516 /* Preview Assets.xcassets */ = {isa = PBXFileReference; lastKnownFileType = folder.assetcatalog; path = "Preview Assets.xcassets"; sourceTree = "<group>"; };
		C9C73EA524FC471E00EF9516 /* Info.plist */ = {isa = PBXFileReference; lastKnownFileType = text.plist.xml; path = Info.plist; sourceTree = "<group>"; };
		C9CE8265263B90E000F98DDB /* juice_v7.riv */ = {isa = PBXFileReference; lastKnownFileType = file; path = juice_v7.riv; sourceTree = "<group>"; };
/* End PBXFileReference section */

/* Begin PBXFrameworksBuildPhase section */
		04A8F6C026452E27002C909A /* Frameworks */ = {
			isa = PBXFrameworksBuildPhase;
			buildActionMask = 2147483647;
			files = (
				04A8F6C126452E31002C909A /* RiveRuntime.framework in Frameworks */,
			);
			runOnlyForDeploymentPostprocessing = 0;
		};
/* End PBXFrameworksBuildPhase section */

/* Begin PBXGroup section */
		042C88862643DB2200E7DBB2 /* UIkit */ = {
			isa = PBXGroup;
			children = (
				042C88872643DB7100E7DBB2 /* SimpleAnimation.swift */,
				042C888B2643EEE300E7DBB2 /* Layout.swift */,
				042C888F2644250D00E7DBB2 /* MultipleAnimations.swift */,
				C9A84F5D2644A75A0014D8E0 /* ExamplesViewController.swift */,
				04A8F6C426454711002C909A /* LoopMode.swift */,
			);
			path = UIkit;
			sourceTree = "<group>";
		};
		04A8F6B826452E10002C909A /* Products */ = {
			isa = PBXGroup;
			children = (
				04A8F6BD26452E10002C909A /* RiveRuntime.framework */,
				04A8F6BF26452E10002C909A /* RiveRuntimeTests.xctest */,
			);
			name = Products;
			sourceTree = "<group>";
		};
		04A8F6C226452F25002C909A /* lib */ = {
			isa = PBXGroup;
			children = (
				042C888D2644230700E7DBB2 /* utility.swift */,
			);
			path = lib;
			sourceTree = "<group>";
		};
		C9696B0E24FC6FD10041502A /* Assets */ = {
			isa = PBXGroup;
			children = (
				042C88D42644447500E7DBB2 /* artboard_animations.riv */,
				042C88CF2644447500E7DBB2 /* basketball.riv */,
				042C88D92644447500E7DBB2 /* clipping.riv */,
				042C88D32644447500E7DBB2 /* explorer.riv */,
				042C88D02644447500E7DBB2 /* f22.riv */,
				042C88D12644447500E7DBB2 /* flux_capacitor.riv */,
				042C88D62644447500E7DBB2 /* loopy.riv */,
				042C88CD2644447400E7DBB2 /* mascot.riv */,
				042C88D22644447500E7DBB2 /* neostream.riv */,
				042C88D72644447500E7DBB2 /* off_road_car_blog.riv */,
				042C88CE2644447500E7DBB2 /* progress.riv */,
				042C88CA2644447400E7DBB2 /* pull.riv */,
				042C88CC2644447400E7DBB2 /* rope.riv */,
				042C88D82644447500E7DBB2 /* skills.riv */,
				042C88D52644447500E7DBB2 /* trailblaze.riv */,
				042C88CB2644447400E7DBB2 /* ui_swipe_left_to_delete.riv */,
				042C88DA2644447500E7DBB2 /* vader.riv */,
				042C88C92644447400E7DBB2 /* wacky.riv */,
				C9CE8265263B90E000F98DDB /* juice_v7.riv */,
				C9BD3925263B5FC700696C37 /* truck_v7.riv */,
			);
			path = Assets;
			sourceTree = "<group>";
		};
		C9A84F342644931E0014D8E0 /* SwiftUI */ = {
			isa = PBXGroup;
			children = (
				C9A84F37264495600014D8E0 /* RiveSwiftUIView.swift */,
				C9A84F5F2644AB6B0014D8E0 /* RiveViewWrapper.swift */,
			);
			path = SwiftUI;
			sourceTree = "<group>";
		};
		C9C73E8B24FC471E00EF9516 = {
			isa = PBXGroup;
			children = (
				C9696B0E24FC6FD10041502A /* Assets */,
				C9C73E9624FC471E00EF9516 /* Source */,
				C9C73E9524FC471E00EF9516 /* Products */,
				C9C741FF24FC53CF00EF9516 /* Frameworks */,
			);
			sourceTree = "<group>";
		};
		C9C73E9524FC471E00EF9516 /* Products */ = {
			isa = PBXGroup;
			children = (
				C9C73E9424FC471E00EF9516 /* RiveExample.app */,
			);
			name = Products;
			sourceTree = "<group>";
		};
		C9C73E9624FC471E00EF9516 /* Source */ = {
			isa = PBXGroup;
			children = (
				04A8F6C226452F25002C909A /* lib */,
				C9A84F342644931E0014D8E0 /* SwiftUI */,
				C9C73E9724FC471E00EF9516 /* AppDelegate.swift */,
				C9C73E9924FC471E00EF9516 /* SceneDelegate.swift */,
				C9C73EA524FC471E00EF9516 /* Info.plist */,
				042C88862643DB2200E7DBB2 /* UIkit */,
				C9C73E9D24FC471E00EF9516 /* Assets.xcassets */,
				C9C73E9F24FC471E00EF9516 /* Preview Content */,
				042C88822643D6B900E7DBB2 /* Main.storyboard */,
			);
			path = Source;
			sourceTree = "<group>";
		};
		C9C73E9F24FC471E00EF9516 /* Preview Content */ = {
			isa = PBXGroup;
			children = (
				C9C73EA024FC471E00EF9516 /* Preview Assets.xcassets */,
			);
			path = "Preview Content";
			sourceTree = "<group>";
		};
		C9C741FF24FC53CF00EF9516 /* Frameworks */ = {
			isa = PBXGroup;
			children = (
				04A8F6AB26452A91002C909A /* RiveRuntime.xcodeproj */,
			);
			name = Frameworks;
			sourceTree = "<group>";
		};
/* End PBXGroup section */

/* Begin PBXNativeTarget section */
		C9C73E9324FC471E00EF9516 /* RiveExample */ = {
			isa = PBXNativeTarget;
			buildConfigurationList = C9C73EBE24FC471E00EF9516 /* Build configuration list for PBXNativeTarget "RiveExample" */;
			buildPhases = (
				04A8F6C026452E27002C909A /* Frameworks */,
				C9C73E9024FC471E00EF9516 /* Sources */,
				C9C73E9224FC471E00EF9516 /* Resources */,
				C9C7420224FC53CF00EF9516 /* Embed Frameworks */,
			);
			buildRules = (
			);
			dependencies = (
			);
			name = RiveExample;
			productName = RiveExample;
			productReference = C9C73E9424FC471E00EF9516 /* RiveExample.app */;
			productType = "com.apple.product-type.application";
		};
/* End PBXNativeTarget section */

/* Begin PBXProject section */
		C9C73E8C24FC471E00EF9516 /* Project object */ = {
			isa = PBXProject;
			attributes = {
				LastSwiftUpdateCheck = 1160;
				LastUpgradeCheck = 1200;
				ORGANIZATIONNAME = Rive;
				TargetAttributes = {
					C9C73E9324FC471E00EF9516 = {
						CreatedOnToolsVersion = 11.6;
					};
				};
			};
			buildConfigurationList = C9C73E8F24FC471E00EF9516 /* Build configuration list for PBXProject "RiveExample" */;
			compatibilityVersion = "Xcode 9.3";
			developmentRegion = en;
			hasScannedForEncodings = 0;
			knownRegions = (
				en,
				Base,
			);
			mainGroup = C9C73E8B24FC471E00EF9516;
			productRefGroup = C9C73E9524FC471E00EF9516 /* Products */;
			projectDirPath = "";
			projectReferences = (
				{
					ProductGroup = 04A8F6B826452E10002C909A /* Products */;
					ProjectRef = 04A8F6AB26452A91002C909A /* RiveRuntime.xcodeproj */;
				},
			);
			projectRoot = "";
			targets = (
				C9C73E9324FC471E00EF9516 /* RiveExample */,
			);
		};
/* End PBXProject section */

/* Begin PBXReferenceProxy section */
		04A8F6BD26452E10002C909A /* RiveRuntime.framework */ = {
			isa = PBXReferenceProxy;
			fileType = wrapper.framework;
			path = RiveRuntime.framework;
			remoteRef = 04A8F6BC26452E10002C909A /* PBXContainerItemProxy */;
			sourceTree = BUILT_PRODUCTS_DIR;
		};
		04A8F6BF26452E10002C909A /* RiveRuntimeTests.xctest */ = {
			isa = PBXReferenceProxy;
			fileType = wrapper.cfbundle;
			path = RiveRuntimeTests.xctest;
			remoteRef = 04A8F6BE26452E10002C909A /* PBXContainerItemProxy */;
			sourceTree = BUILT_PRODUCTS_DIR;
		};
/* End PBXReferenceProxy section */

/* Begin PBXResourcesBuildPhase section */
		C9C73E9224FC471E00EF9516 /* Resources */ = {
			isa = PBXResourcesBuildPhase;
			buildActionMask = 2147483647;
			files = (
				042C88DF2644447500E7DBB2 /* mascot.riv in Resources */,
				C9BD3926263B5FC700696C37 /* truck_v7.riv in Resources */,
				042C88DC2644447500E7DBB2 /* pull.riv in Resources */,
				042C88E32644447500E7DBB2 /* flux_capacitor.riv in Resources */,
				C9CE8266263B90E000F98DDB /* juice_v7.riv in Resources */,
				042C88E42644447500E7DBB2 /* neostream.riv in Resources */,
				042C88E82644447500E7DBB2 /* loopy.riv in Resources */,
				042C88E02644447500E7DBB2 /* progress.riv in Resources */,
				042C88E92644447500E7DBB2 /* off_road_car_blog.riv in Resources */,
				042C88832643D6B900E7DBB2 /* Main.storyboard in Resources */,
				042C88EA2644447500E7DBB2 /* skills.riv in Resources */,
				042C88E62644447500E7DBB2 /* artboard_animations.riv in Resources */,
				042C88E72644447500E7DBB2 /* trailblaze.riv in Resources */,
				042C88E12644447500E7DBB2 /* basketball.riv in Resources */,
				042C88DE2644447500E7DBB2 /* rope.riv in Resources */,
				C9C73EA124FC471E00EF9516 /* Preview Assets.xcassets in Resources */,
				042C88DD2644447500E7DBB2 /* ui_swipe_left_to_delete.riv in Resources */,
				042C88E52644447500E7DBB2 /* explorer.riv in Resources */,
				042C88E22644447500E7DBB2 /* f22.riv in Resources */,
				042C88EC2644447500E7DBB2 /* vader.riv in Resources */,
				C9C73E9E24FC471E00EF9516 /* Assets.xcassets in Resources */,
				042C88DB2644447500E7DBB2 /* wacky.riv in Resources */,
				042C88EB2644447500E7DBB2 /* clipping.riv in Resources */,
			);
			runOnlyForDeploymentPostprocessing = 0;
		};
/* End PBXResourcesBuildPhase section */

/* Begin PBXSourcesBuildPhase section */
		C9C73E9024FC471E00EF9516 /* Sources */ = {
			isa = PBXSourcesBuildPhase;
			buildActionMask = 2147483647;
			files = (
				C9C73E9824FC471E00EF9516 /* AppDelegate.swift in Sources */,
				042C888E2644230700E7DBB2 /* utility.swift in Sources */,
				042C88902644250D00E7DBB2 /* MultipleAnimations.swift in Sources */,
				C9A84F38264495600014D8E0 /* RiveSwiftUIView.swift in Sources */,
				04A8F6C526454711002C909A /* LoopMode.swift in Sources */,
				C9C73E9A24FC471E00EF9516 /* SceneDelegate.swift in Sources */,
				C9A84F5E2644A75A0014D8E0 /* ExamplesViewController.swift in Sources */,
				042C888C2643EEE300E7DBB2 /* Layout.swift in Sources */,
				C9A84F602644AB6B0014D8E0 /* RiveViewWrapper.swift in Sources */,
				042C88882643DB7100E7DBB2 /* SimpleAnimation.swift in Sources */,
			);
			runOnlyForDeploymentPostprocessing = 0;
		};
/* End PBXSourcesBuildPhase section */

/* Begin XCBuildConfiguration section */
		C9C73EBC24FC471E00EF9516 /* Debug */ = {
			isa = XCBuildConfiguration;
			buildSettings = {
				ALWAYS_SEARCH_USER_PATHS = NO;
				CLANG_ANALYZER_NONNULL = YES;
				CLANG_ANALYZER_NUMBER_OBJECT_CONVERSION = YES_AGGRESSIVE;
				CLANG_CXX_LANGUAGE_STANDARD = "gnu++14";
				CLANG_CXX_LIBRARY = "libc++";
				CLANG_ENABLE_MODULES = YES;
				CLANG_ENABLE_OBJC_ARC = YES;
				CLANG_ENABLE_OBJC_WEAK = YES;
				CLANG_WARN_BLOCK_CAPTURE_AUTORELEASING = YES;
				CLANG_WARN_BOOL_CONVERSION = YES;
				CLANG_WARN_COMMA = YES;
				CLANG_WARN_CONSTANT_CONVERSION = YES;
				CLANG_WARN_DEPRECATED_OBJC_IMPLEMENTATIONS = YES;
				CLANG_WARN_DIRECT_OBJC_ISA_USAGE = YES_ERROR;
				CLANG_WARN_DOCUMENTATION_COMMENTS = YES;
				CLANG_WARN_EMPTY_BODY = YES;
				CLANG_WARN_ENUM_CONVERSION = YES;
				CLANG_WARN_INFINITE_RECURSION = YES;
				CLANG_WARN_INT_CONVERSION = YES;
				CLANG_WARN_NON_LITERAL_NULL_CONVERSION = YES;
				CLANG_WARN_OBJC_IMPLICIT_RETAIN_SELF = YES;
				CLANG_WARN_OBJC_LITERAL_CONVERSION = YES;
				CLANG_WARN_OBJC_ROOT_CLASS = YES_ERROR;
				CLANG_WARN_QUOTED_INCLUDE_IN_FRAMEWORK_HEADER = YES;
				CLANG_WARN_RANGE_LOOP_ANALYSIS = YES;
				CLANG_WARN_STRICT_PROTOTYPES = YES;
				CLANG_WARN_SUSPICIOUS_MOVE = YES;
				CLANG_WARN_UNGUARDED_AVAILABILITY = YES_AGGRESSIVE;
				CLANG_WARN_UNREACHABLE_CODE = YES;
				CLANG_WARN__DUPLICATE_METHOD_MATCH = YES;
				COPY_PHASE_STRIP = NO;
				DEBUG_INFORMATION_FORMAT = dwarf;
				ENABLE_STRICT_OBJC_MSGSEND = YES;
				ENABLE_TESTABILITY = YES;
				GCC_C_LANGUAGE_STANDARD = gnu11;
				GCC_DYNAMIC_NO_PIC = NO;
				GCC_NO_COMMON_BLOCKS = YES;
				GCC_OPTIMIZATION_LEVEL = 0;
				GCC_PREPROCESSOR_DEFINITIONS = (
					"DEBUG=1",
					"$(inherited)",
				);
				GCC_WARN_64_TO_32_BIT_CONVERSION = YES;
				GCC_WARN_ABOUT_RETURN_TYPE = YES_ERROR;
				GCC_WARN_UNDECLARED_SELECTOR = YES;
				GCC_WARN_UNINITIALIZED_AUTOS = YES_AGGRESSIVE;
				GCC_WARN_UNUSED_FUNCTION = YES;
				GCC_WARN_UNUSED_VARIABLE = YES;
				IPHONEOS_DEPLOYMENT_TARGET = 13.6;
				MTL_ENABLE_DEBUG_INFO = INCLUDE_SOURCE;
				MTL_FAST_MATH = YES;
				ONLY_ACTIVE_ARCH = YES;
				SDKROOT = iphoneos;
				SWIFT_ACTIVE_COMPILATION_CONDITIONS = DEBUG;
				SWIFT_OPTIMIZATION_LEVEL = "-Onone";
			};
			name = Debug;
		};
		C9C73EBD24FC471E00EF9516 /* Release */ = {
			isa = XCBuildConfiguration;
			buildSettings = {
				ALWAYS_SEARCH_USER_PATHS = NO;
				CLANG_ANALYZER_NONNULL = YES;
				CLANG_ANALYZER_NUMBER_OBJECT_CONVERSION = YES_AGGRESSIVE;
				CLANG_CXX_LANGUAGE_STANDARD = "gnu++14";
				CLANG_CXX_LIBRARY = "libc++";
				CLANG_ENABLE_MODULES = YES;
				CLANG_ENABLE_OBJC_ARC = YES;
				CLANG_ENABLE_OBJC_WEAK = YES;
				CLANG_WARN_BLOCK_CAPTURE_AUTORELEASING = YES;
				CLANG_WARN_BOOL_CONVERSION = YES;
				CLANG_WARN_COMMA = YES;
				CLANG_WARN_CONSTANT_CONVERSION = YES;
				CLANG_WARN_DEPRECATED_OBJC_IMPLEMENTATIONS = YES;
				CLANG_WARN_DIRECT_OBJC_ISA_USAGE = YES_ERROR;
				CLANG_WARN_DOCUMENTATION_COMMENTS = YES;
				CLANG_WARN_EMPTY_BODY = YES;
				CLANG_WARN_ENUM_CONVERSION = YES;
				CLANG_WARN_INFINITE_RECURSION = YES;
				CLANG_WARN_INT_CONVERSION = YES;
				CLANG_WARN_NON_LITERAL_NULL_CONVERSION = YES;
				CLANG_WARN_OBJC_IMPLICIT_RETAIN_SELF = YES;
				CLANG_WARN_OBJC_LITERAL_CONVERSION = YES;
				CLANG_WARN_OBJC_ROOT_CLASS = YES_ERROR;
				CLANG_WARN_QUOTED_INCLUDE_IN_FRAMEWORK_HEADER = YES;
				CLANG_WARN_RANGE_LOOP_ANALYSIS = YES;
				CLANG_WARN_STRICT_PROTOTYPES = YES;
				CLANG_WARN_SUSPICIOUS_MOVE = YES;
				CLANG_WARN_UNGUARDED_AVAILABILITY = YES_AGGRESSIVE;
				CLANG_WARN_UNREACHABLE_CODE = YES;
				CLANG_WARN__DUPLICATE_METHOD_MATCH = YES;
				COPY_PHASE_STRIP = NO;
				DEBUG_INFORMATION_FORMAT = "dwarf-with-dsym";
				ENABLE_NS_ASSERTIONS = NO;
				ENABLE_STRICT_OBJC_MSGSEND = YES;
				GCC_C_LANGUAGE_STANDARD = gnu11;
				GCC_NO_COMMON_BLOCKS = YES;
				GCC_WARN_64_TO_32_BIT_CONVERSION = YES;
				GCC_WARN_ABOUT_RETURN_TYPE = YES_ERROR;
				GCC_WARN_UNDECLARED_SELECTOR = YES;
				GCC_WARN_UNINITIALIZED_AUTOS = YES_AGGRESSIVE;
				GCC_WARN_UNUSED_FUNCTION = YES;
				GCC_WARN_UNUSED_VARIABLE = YES;
				IPHONEOS_DEPLOYMENT_TARGET = 13.6;
				MTL_ENABLE_DEBUG_INFO = NO;
				MTL_FAST_MATH = YES;
				SDKROOT = iphoneos;
				SWIFT_COMPILATION_MODE = wholemodule;
				SWIFT_OPTIMIZATION_LEVEL = "-O";
				VALIDATE_PRODUCT = YES;
			};
			name = Release;
		};
		C9C73EBF24FC471E00EF9516 /* Debug */ = {
			isa = XCBuildConfiguration;
			buildSettings = {
				ASSETCATALOG_COMPILER_APPICON_NAME = AppIcon;
				CODE_SIGN_STYLE = Automatic;
				DEVELOPMENT_ASSET_PATHS = "\"Source/Preview Content\"";
				ENABLE_PREVIEWS = YES;
				INFOPLIST_FILE = Source/Info.plist;
				LD_RUNPATH_SEARCH_PATHS = (
					"$(inherited)",
					"@executable_path/Frameworks",
				);
				PRODUCT_BUNDLE_IDENTIFIER = rive.app.ios.runtime.example.RiveExample;
				PRODUCT_NAME = "$(TARGET_NAME)";
				SWIFT_VERSION = 5.0;
				TARGETED_DEVICE_FAMILY = "1,2";
			};
			name = Debug;
		};
		C9C73EC024FC471E00EF9516 /* Release */ = {
			isa = XCBuildConfiguration;
			buildSettings = {
				ASSETCATALOG_COMPILER_APPICON_NAME = AppIcon;
				CODE_SIGN_STYLE = Automatic;
				DEVELOPMENT_ASSET_PATHS = "\"Source/Preview Content\"";
				ENABLE_PREVIEWS = YES;
				INFOPLIST_FILE = Source/Info.plist;
				LD_RUNPATH_SEARCH_PATHS = (
					"$(inherited)",
					"@executable_path/Frameworks",
				);
				PRODUCT_BUNDLE_IDENTIFIER = rive.app.ios.runtime.example.RiveExample;
				PRODUCT_NAME = "$(TARGET_NAME)";
				SWIFT_VERSION = 5.0;
				TARGETED_DEVICE_FAMILY = "1,2";
			};
			name = Release;
		};
/* End XCBuildConfiguration section */

/* Begin XCConfigurationList section */
		C9C73E8F24FC471E00EF9516 /* Build configuration list for PBXProject "RiveExample" */ = {
			isa = XCConfigurationList;
			buildConfigurations = (
				C9C73EBC24FC471E00EF9516 /* Debug */,
				C9C73EBD24FC471E00EF9516 /* Release */,
			);
			defaultConfigurationIsVisible = 0;
			defaultConfigurationName = Release;
		};
		C9C73EBE24FC471E00EF9516 /* Build configuration list for PBXNativeTarget "RiveExample" */ = {
			isa = XCConfigurationList;
			buildConfigurations = (
				C9C73EBF24FC471E00EF9516 /* Debug */,
				C9C73EC024FC471E00EF9516 /* Release */,
			);
			defaultConfigurationIsVisible = 0;
			defaultConfigurationName = Release;
		};
/* End XCConfigurationList section */
	};
	rootObject = C9C73E8C24FC471E00EF9516 /* Project object */;
}
